// !$*UTF8*$!
{
	archiveVersion = 1;
	classes = {};
	objectVersion = 56;
	objects = {
		A10000000000000000000001 = {isa = PBXProject; attributes = { LastUpgradeCheck = 2700; }; buildConfigurationList = A10000000000000000000002; compatibilityVersion = "Xcode 14.0"; developmentRegion = en; hasScannedForEncodings = 0; knownRegions = (en, Base); mainGroup = A10000000000000000000003; productRefGroup = A10000000000000000000004; projectDirPath = ""; projectRoot = ""; targets = (A10000000000000000000005,); };
		A10000000000000000000002 = {isa = XCConfigurationList; buildConfigurations = (A10000000000000000000010, A10000000000000000000011); defaultConfigurationIsVisible = 0; defaultConfigurationName = Release; };
		A10000000000000000000003 = {isa = PBXGroup; children = (A10000000000000000000006, A10000000000000000000007, A10000000000000000000021, A10000000000000000000022, A10000000000000000000023,); sourceTree = "<group>"; };
		A10000000000000000000004 = {isa = PBXGroup; children = (A10000000000000000000008,); name = Products; sourceTree = "<group>"; };
		A10000000000000000000005 = {isa = PBXNativeTarget; buildConfigurationList = A10000000000000000000012; buildPhases = (A10000000000000000000013, A10000000000000000000014, A10000000000000000000015,); buildRules = (); dependencies = (); name = RecentFiles; productName = RecentFiles; productReference = A10000000000000000000008; productType = "com.apple.product-type.application"; };
		A10000000000000000000006 = {isa = PBXGroup; children = (A10000000000000000000009,); path = RecentFiles; sourceTree = "<group>"; };
		A10000000000000000000007 = {isa = PBXGroup; children = (); name = Frameworks; sourceTree = "<group>"; };
		A10000000000000000000008 = {isa = PBXFileReference; explicitFileType = wrapper.application; includeInIndex = 0; path = RecentFiles.app; sourceTree = BUILT_PRODUCTS_DIR; };
		A10000000000000000000009 = {isa = PBXFileReference; lastKnownFileType = sourcecode.swift; path = RecentFilesApp.swift; sourceTree = "<group>"; };
		A10000000000000000000013 = {isa = PBXSourcesBuildPhase; buildActionMask = 2147483647; files = (A10000000000000000000016,); runOnlyForDeploymentPostprocessing = 0; };
		A10000000000000000000014 = {isa = PBXFrameworksBuildPhase; buildActionMask = 2147483647; files = (); runOnlyForDeploymentPostprocessing = 0; };
		A10000000000000000000015 = {isa = PBXResourcesBuildPhase; buildActionMask = 2147483647; files = (A10000000000000000000024, A10000000000000000000025, A10000000000000000000026,); runOnlyForDeploymentPostprocessing = 0; };
		A10000000000000000000016 = {isa = PBXBuildFile; fileRef = A10000000000000000000009; };
		A10000000000000000000010 = {isa = XCBuildConfiguration; buildSettings = {ALWAYS_SEARCH_USER_PATHS = NO; MACOSX_DEPLOYMENT_TARGET = 12.0; PRODUCT_BUNDLE_IDENTIFIER = com.example.recentFiles1; PRODUCT_NAME = "Recent Files"; SWIFT_VERSION = 5.0; GENERATE_INFOPLIST_FILE = YES; ASSETCATALOG_COMPILER_APPICON_NAME = AppIcon; INFOPLIST_KEY_CFBundleDisplayName = "Recent Files"; INFOPLIST_KEY_LSApplicationCategoryType = "public.app-category.utilities"; INFOPLIST_KEY_NSPrincipalClass = NSApplication; CODE_SIGNING_ALLOWED = YES; CODE_SIGN_IDENTITY = "-"; }; name = Debug; };
		A10000000000000000000011 = {isa = XCBuildConfiguration; buildSettings = {ALWAYS_SEARCH_USER_PATHS = NO; MACOSX_DEPLOYMENT_TARGET = 12.0; PRODUCT_BUNDLE_IDENTIFIER = com.example.recentFiles1; PRODUCT_NAME = "Recent Files"; SWIFT_VERSION = 5.0; GENERATE_INFOPLIST_FILE = YES; ASSETCATALOG_COMPILER_APPICON_NAME = AppIcon; INFOPLIST_KEY_CFBundleDisplayName = "Recent Files"; INFOPLIST_KEY_LSApplicationCategoryType = "public.app-category.utilities"; INFOPLIST_KEY_NSPrincipalClass = NSApplication; CODE_SIGNING_ALLOWED = YES; CODE_SIGN_IDENTITY = "-"; CODE_SIGN_INJECT_BASE_ENTITLEMENTS = NO; }; name = Release; };
		A10000000000000000000012 = {isa = XCConfigurationList; buildConfigurations = (A10000000000000000000017, A10000000000000000000018); defaultConfigurationIsVisible = 0; defaultConfigurationName = Release; };
		A10000000000000000000017 = {isa = XCBuildConfiguration; buildSettings = {ALWAYS_SEARCH_USER_PATHS = NO; MACOSX_DEPLOYMENT_TARGET = 12.0; PRODUCT_BUNDLE_IDENTIFIER = com.example.recentFiles1; PRODUCT_NAME = "Recent Files"; SWIFT_VERSION = 5.0; GENERATE_INFOPLIST_FILE = YES; ASSETCATALOG_COMPILER_APPICON_NAME = AppIcon; INFOPLIST_KEY_CFBundleDisplayName = "Recent Files"; INFOPLIST_KEY_LSApplicationCategoryType = "public.app-category.utilities"; INFOPLIST_KEY_NSPrincipalClass = NSApplication; CODE_SIGNING_ALLOWED = YES; CODE_SIGN_IDENTITY = "-"; }; name = Debug; };
		A10000000000000000000018 = {isa = XCBuildConfiguration; buildSettings = {ALWAYS_SEARCH_USER_PATHS = NO; MACOSX_DEPLOYMENT_TARGET = 12.0; PRODUCT_BUNDLE_IDENTIFIER = com.example.recentFiles1; PRODUCT_NAME = "Recent Files"; SWIFT_VERSION = 5.0; GENERATE_INFOPLIST_FILE = YES; ASSETCATALOG_COMPILER_APPICON_NAME = AppIcon; INFOPLIST_KEY_CFBundleDisplayName = "Recent Files"; INFOPLIST_KEY_LSApplicationCategoryType = "public.app-category.utilities"; INFOPLIST_KEY_NSPrincipalClass = NSApplication; CODE_SIGNING_ALLOWED = YES; CODE_SIGN_IDENTITY = "-"; CODE_SIGN_INJECT_BASE_ENTITLEMENTS = NO; }; name = Release; };
		A10000000000000000000021 = {isa = PBXFileReference; lastKnownFileType = folder.assetcatalog; path = RecentFiles/Assets.xcassets; sourceTree = SOURCE_ROOT; };
		A10000000000000000000022 = {isa = PBXFileReference; lastKnownFileType = image.png; path = ../assets/RecentFiles-icon-light.png; sourceTree = SOURCE_ROOT; };
		A10000000000000000000023 = {isa = PBXFileReference; lastKnownFileType = image.png; path = ../assets/RecentFiles-icon-dark.png; sourceTree = SOURCE_ROOT; };
		A10000000000000000000024 = {isa = PBXBuildFile; fileRef = A10000000000000000000021; };
		A10000000000000000000025 = {isa = PBXBuildFile; fileRef = A10000000000000000000022; };
		A10000000000000000000026 = {isa = PBXBuildFile; fileRef = A10000000000000000000023; };
	};
	rootObject = A10000000000000000000001;
}
